
Microsoft Visual Studio Solution File, Format Version 12.00
Project("{FAE04EC0-301F-11D3-BF4B-00C04F79EFBC}") = "Application", "src\Application\Application.csproj", "{9C739993-975E-46B1-9C24-C7867C27884B}"
EndProject
Project("{FAE04EC0-301F-11D3-BF4B-00C04F79EFBC}") = "Domain", "src\Domain\Domain.csproj", "{3514D6F2-72C1-43D7-A522-765A71272692}"
EndProject
Project("{FAE04EC0-301F-11D3-BF4B-00C04F79EFBC}") = "Infrastructure", "src\Infrastructure\Infrastructure.csproj", "{4D3F72C8-E4EA-4EA8-8B56-07ECAB0A4B76}"
EndProject
Project("{2150E333-8FDC-42A3-9474-1A3956D46DE8}") = "Solution Items", "Solution Items", "{639C0349-D4AF-4479-8B39-A5D37F836062}"
	ProjectSection(SolutionItems) = preProject
		docker-compose.yml = docker-compose.yml
		README.md = README.md
		LICENSE = LICENSE
	EndProjectSection
EndProject
Global
	GlobalSection(SolutionConfigurationPlatforms) = preSolution
		Debug|Any CPU = Debug|Any CPU
		Release|Any CPU = Release|Any CPU
	EndGlobalSection
	GlobalSection(ProjectConfigurationPlatforms) = postSolution
		{9C739993-975E-46B1-9C24-C7867C27884B}.Debug|Any CPU.ActiveCfg = Debug|Any CPU
		{9C739993-975E-46B1-9C24-C7867C27884B}.Debug|Any CPU.Build.0 = Debug|Any CPU
		{9C739993-975E-46B1-9C24-C7867C27884B}.Release|Any CPU.ActiveCfg = Release|Any CPU
		{9C739993-975E-46B1-9C24-C7867C27884B}.Release|Any CPU.Build.0 = Release|Any CPU
		{3514D6F2-72C1-43D7-A522-765A71272692}.Debug|Any CPU.ActiveCfg = Debug|Any CPU
		{3514D6F2-72C1-43D7-A522-765A71272692}.Debug|Any CPU.Build.0 = Debug|Any CPU
		{3514D6F2-72C1-43D7-A522-765A71272692}.Release|Any CPU.ActiveCfg = Release|Any CPU
		{3514D6F2-72C1-43D7-A522-765A71272692}.Release|Any CPU.Build.0 = Release|Any CPU
		{4D3F72C8-E4EA-4EA8-8B56-07ECAB0A4B76}.Debug|Any CPU.ActiveCfg = Debug|Any CPU
		{4D3F72C8-E4EA-4EA8-8B56-07ECAB0A4B76}.Debug|Any CPU.Build.0 = Debug|Any CPU
		{4D3F72C8-E4EA-4EA8-8B56-07ECAB0A4B76}.Release|Any CPU.ActiveCfg = Release|Any CPU
		{4D3F72C8-E4EA-4EA8-8B56-07ECAB0A4B76}.Release|Any CPU.Build.0 = Release|Any CPU
	EndGlobalSection
EndGlobal
